{
  "name": "ar-concerto",
  "lockfileVersion": 2,
  "requires": true,
  "packages": {
    "": {
      "dependencies": {
        "jsartoolkit5": "^0.0.4"
      }
    },
    "node_modules/jsartoolkit5": {
      "version": "0.0.4",
      "resolved": "https://registry.npmjs.org/jsartoolkit5/-/jsartoolkit5-0.0.4.tgz",
      "integrity": "sha512-QTGRbop+Hs10nck9GkMNoOjHz92vvHK0Pdb8RnJ5i68Ao0QYwpC0kWD2g17NZrhWflUIsRZdZOhp45GLLLk4mQ=="
    }
  },
  "dependencies": {
    "jsartoolkit5": {
      "version": "0.0.4",
      "resolved": "https://registry.npmjs.org/jsartoolkit5/-/jsartoolkit5-0.0.4.tgz",
      "integrity": "sha512-QTGRbop+Hs10nck9GkMNoOjHz92vvHK0Pdb8RnJ5i68Ao0QYwpC0kWD2g17NZrhWflUIsRZdZOhp45GLLLk4mQ=="
    }
  }
}
